
Microsoft Visual Studio Solution File, Format Version 12.00
# Visual Studio Version 17
VisualStudioVersion = 17.5.33103.201
MinimumVisualStudioVersion = 10.0.40219.1
Project("{9A19103F-16F7-4668-BE54-9A1E7A4F7556}") = "Portfolio.Api", "Portfolio.Api\Portfolio.Api.csproj", "{F9720FAD-9C51-4352-9D11-BA3A3F8F3D48}"
EndProject
Project("{2150E333-8FDC-42A3-9474-1A3956D46DE8}") = "Solution Items", "Solution Items", "{D74CF085-88E9-4E51-BDAF-CE03917E2D4B}"
	ProjectSection(SolutionItems) = preProject
		azure-pipelines.yml = azure-pipelines.yml
		README.md = README.md
		sonar-project.properties = sonar-project.properties
	EndProjectSection
EndProject
Global
	GlobalSection(SolutionConfigurationPlatforms) = preSolution
		Debug|Any CPU = Debug|Any CPU
		Release|Any CPU = Release|Any CPU
	EndGlobalSection
	GlobalSection(ProjectConfigurationPlatforms) = postSolution
		{F9720FAD-9C51-4352-9D11-BA3A3F8F3D48}.Debug|Any CPU.ActiveCfg = Debug|Any CPU
		{F9720FAD-9C51-4352-9D11-BA3A3F8F3D48}.Debug|Any CPU.Build.0 = Debug|Any CPU
		{F9720FAD-9C51-4352-9D11-BA3A3F8F3D48}.Release|Any CPU.ActiveCfg = Release|Any CPU
		{F9720FAD-9C51-4352-9D11-BA3A3F8F3D48}.Release|Any CPU.Build.0 = Release|Any CPU
	EndGlobalSection
	GlobalSection(SolutionProperties) = preSolution
		HideSolutionNode = FALSE
	EndGlobalSection
	GlobalSection(ExtensibilityGlobals) = postSolution
		SolutionGuid = {99715568-1150-473B-9CF9-4B10DF039C33}
	EndGlobalSection
EndGlobal
