
Microsoft Visual Studio Solution File, Format Version 12.00
# Visual Studio Version 17
VisualStudioVersion = 17.5.33103.201
MinimumVisualStudioVersion = 10.0.40219.1
Project("{FAE04EC0-301F-11D3-BF4B-00C04F79EFBC}") = "Portfolio.Api", "Portfolio.Api\Portfolio.Api.csproj", "{F9720FAD-9C51-4352-9D11-BA3A3F8F3D48}"
EndProject
Global
	GlobalSection(SolutionConfigurationPlatforms) = preSolution
		Debug|Any CPU = Debug|Any CPU
		Release|Any CPU = Release|Any CPU
	EndGlobalSection
	GlobalSection(ProjectConfigurationPlatforms) = postSolution
		{F9720FAD-9C51-4352-9D11-BA3A3F8F3D48}.Debug|Any CPU.ActiveCfg = Debug|Any CPU
		{F9720FAD-9C51-4352-9D11-BA3A3F8F3D48}.Debug|Any CPU.Build.0 = Debug|Any CPU
		{F9720FAD-9C51-4352-9D11-BA3A3F8F3D48}.Release|Any CPU.ActiveCfg = Release|Any CPU
		{F9720FAD-9C51-4352-9D11-BA3A3F8F3D48}.Release|Any CPU.Build.0 = Release|Any CPU
	EndGlobalSection
	GlobalSection(SolutionProperties) = preSolution
		HideSolutionNode = FALSE
	EndGlobalSection
	GlobalSection(ExtensibilityGlobals) = postSolution
		SolutionGuid = {99715568-1150-473B-9CF9-4B10DF039C33}
	EndGlobalSection
EndGlobal
